# conda-linux-64.lock — the exact package set validation/oracles/Dockerfile installs.
#
# Generated by validation/oracles/solve-lock.mjs. Do not edit by hand: the
# hashes are what make the install verifiable, and a hand-edited line is a
# hash nobody computed.
#
# platform: linux-64
# solved against virtual packages __glibc=2.41 __linux=6.12
# specs: python=3.12.14 pdal=2.10.2 gdal=3.13.1 whitebox=2.3.6 whitebox_tools=2.4.0 laspy=2.7.0 lazrs-python=0.8.2 nodejs=22.23.2 pip
# 209 packages, 284.1 MB of downloads
@EXPLICIT
https://conda.anaconda.org/conda-forge/linux-64/_openmp_mutex-4.5-20_gnu.conda#1dd3fffd892081df9726d7eb7e0dea6198962ba775bd88842135a4ddb4deb3c9
https://conda.anaconda.org/conda-forge/linux-64/aws-c-auth-0.10.4-hb7a77c6_1.conda#845fe32ee750d4a4d3efdb1d95a8c29c3388e3ea9787b77341ec4abe4e198b11
https://conda.anaconda.org/conda-forge/linux-64/aws-c-cal-0.9.14-h2aa3ae6_4.conda#a67c944be1728f576c02fe8f28b0cbb78b5353415075db3da4ef71bc9dd8c00c
https://conda.anaconda.org/conda-forge/linux-64/aws-c-common-0.14.2-hb03c661_0.conda#701398f1c9978c41e93cb0947869a66b7f8004e9d6e548d63d11aedae83cfb02
https://conda.anaconda.org/conda-forge/linux-64/aws-c-compression-0.3.2-h720e601_4.conda#8e0a5513cfc42df8bd16adbd8e83a37d3ca89b8e04cb20eb04eb177bbbfea365
https://conda.anaconda.org/conda-forge/linux-64/aws-c-event-stream-0.7.1-h6ffeea8_4.conda#b1f35f7b7a5e745e2d56cf93212770bb56f5207fa9f0e38f98b0c05a1b898a90
https://conda.anaconda.org/conda-forge/linux-64/aws-c-http-0.11.0-h38ae05a_4.conda#4b939b4a76a11c9ec50c891ae9bf232da8dcaf8797701df1e79ae51c988be2d4
https://conda.anaconda.org/conda-forge/linux-64/aws-c-io-0.27.3-h6f4d18d_1.conda#94c32ca672ce290e250aea1cfb92582cca4658bdc3ec7cb1ceef254f34451595
https://conda.anaconda.org/conda-forge/linux-64/aws-c-mqtt-0.16.0-h21f4ec5_2.conda#0252f072e2f493f8348575938c69b48b2799f29f0489c4ad2c5a919ab7e3d02e
https://conda.anaconda.org/conda-forge/linux-64/aws-c-s3-0.12.8-h46fcd08_1.conda#a423bffbb0e6cacb5e2a0861b918ba3180e5132509afb1faf225ee9f0ec8f981
https://conda.anaconda.org/conda-forge/linux-64/aws-c-sdkutils-0.2.7-h720e601_2.conda#e419e179e04021fc680d98af23fac4b4c2369cea61171087e57a734e968dd9bd
https://conda.anaconda.org/conda-forge/linux-64/aws-checksums-0.2.10-h720e601_4.conda#6cc8617854a43040291dea791fe111ba408e7a5bbd9ee9e5a99375da7a16846b
https://conda.anaconda.org/conda-forge/linux-64/aws-crt-cpp-0.40.1-h102d43b_3.conda#e0c3a119c7035a00e0da325187ee723e07e0e6337e50362349d178ab40961f97
https://conda.anaconda.org/conda-forge/linux-64/aws-sdk-cpp-1.11.833-hc7390e0_9.conda#0c15c036c3b71471eecc58bbe08a68c66fd6a051b548dca7675c7c924ed3972b
https://conda.anaconda.org/conda-forge/linux-64/azure-core-cpp-1.16.3-h206d751_0.conda#fffc66e9be8806a92b314e27129c42b1298ea7065028c9e5d175dacb07829261
https://conda.anaconda.org/conda-forge/linux-64/azure-identity-cpp-1.13.3-h71f81a8_2.conda#ebca774f1ebaa24c150730603b418b33fc7862811a16d097716b1a29f34798c5
https://conda.anaconda.org/conda-forge/linux-64/azure-storage-blobs-cpp-12.18.0-h74b55db_1.conda#04bb27dbf1d426b4447b28c3dc92ec01c807fa784eea86ffa1f8c2bd9b9e8076
https://conda.anaconda.org/conda-forge/linux-64/azure-storage-common-cpp-12.14.0-hf596fc9_1.conda#8a806f9852d280926d7613df548889b49e2a1c5d836385bcb2cedb24e7b08c64
https://conda.anaconda.org/conda-forge/linux-64/azure-storage-files-datalake-cpp-12.16.0-h1f05bef_1.conda#13e2e6eb942f65bf81e9089bf6b5926534d9245c781288c5270beb3a25c9156b
https://conda.anaconda.org/conda-forge/linux-64/blosc-1.21.6-he440d0b_1.conda#e7af5d1183b06a206192ff440e08db1c4e8b2ca1f8376ee45fb2f3a85d4ee45d
https://conda.anaconda.org/conda-forge/linux-64/bzip2-1.0.8-hda65f42_10.conda#1a0d382c515ebf55f8ee1f38c8b81bc95af5c2acc42ad53b66bc5df932032f96
https://conda.anaconda.org/conda-forge/linux-64/c-ares-1.34.8-hebe6cf0_2.conda#9c37cc233238adf366ea75b0e845662a5be07ceadf62e458183516369340274b
https://conda.anaconda.org/conda-forge/linux-64/c-blosc2-3.3.2-hc31b594_0.conda#f300a084ebbbfc0208604ee30ffb244411f6c88d428390ed3351565e60ce48ef
https://conda.anaconda.org/conda-forge/noarch/ca-certificates-2026.7.22-hbd8a1cb_0.conda#0a0544cf95f64394fe4959286f5c71f5444ad58feb0602e53becb27448d24da6
https://conda.anaconda.org/conda-forge/linux-64/capnproto-1.5.0-h791c776_0.conda#f15253fcd115329506e712b10fea5541a3a853f3ebc4d0d6854a5bfdee60b1f3
https://conda.anaconda.org/conda-forge/linux-64/ceres-solver-2.2.0-cpugplh3250042_211.conda#b8cb6f7d89ccbbef5193b2339e662fed71ffdb751a3192f623130e12c68fdf26
https://conda.anaconda.org/conda-forge/noarch/click-8.4.2-pyhc90fa1f_0.conda#ccc4787f511964f9a1f2d2d2859c91c5d571fb60f7f09d4c4e092c9b7a94e671
https://conda.anaconda.org/conda-forge/linux-64/cpd-0.5.5-h434a139_2.conda#f8dcdac7e17d64e389ebb15bc2bed5f854981aadb82671913b4de7468ece161c
https://conda.anaconda.org/conda-forge/linux-64/cyrus-sasl-2.1.28-hac629b4_1.conda#7684da83306bb69686c0506fb09aa7074e1a55ade50c3a879e4e5df6eebb1009
https://conda.anaconda.org/conda-forge/noarch/docutils-0.23-pyhcf101f3_0.conda#def3b2566a1702fa083a8984753ac0b3e3f7381048f88714e03d55b7bd930b74
https://conda.anaconda.org/conda-forge/linux-64/draco-1.5.7-h171cf75_1.conda#4a02cc5aa9cac1fbab45d7a11d3b163c29a50c137086aca82c1107345097a054
https://conda.anaconda.org/conda-forge/linux-64/eigen-5.0.1-hc65338a_0.conda#f122c5bb618532eb40124f34dc3d467b9142c4a573c206e3e6a51df671345d6a
https://conda.anaconda.org/conda-forge/linux-64/eigen-abi-5.0.1.80-hf414acd_0.conda#acde70d55f7dbbc043d733427fd6f1ec6ca49db7cbabcf7a656dd29a952b8ad8
https://conda.anaconda.org/conda-forge/linux-64/fgt-0.4.11-h87365c0_1.conda#9d85b3952ea29acaf4b9d9fadbd67e74ca0381e768cc3aba195491f6dd4c4dc9
https://conda.anaconda.org/conda-forge/linux-64/fmt-12.1.0-h76c4fd7_1.conda#25d14a197601fdd616f2e501431b52887e69b31e7defbc1679381d718357ceb7
https://conda.anaconda.org/conda-forge/linux-64/freexl-2.0.0-h9dce30a_2.conda#c8960e00a6db69b85c16c693ce05484facf20f1a80430552145f652a880e0d2a
https://conda.anaconda.org/conda-forge/linux-64/gdal-3.13.1-np2py312h5ea7aba_8.conda#a23c04232ecee836266c0d5d730c293cde60adb2794e1be4eabc69dd08dd8d78
https://conda.anaconda.org/conda-forge/linux-64/geos-3.14.1-h480dda7_0.conda#08896dcd94e14a83f247e91748444e610f344ab42d80cbf2b6082b481c3f8f4b
https://conda.anaconda.org/conda-forge/linux-64/geotiff-1.7.4-h2712d98_5.conda#008ffd3b7fee74a2f66c601cebad281748d4496cffb3b772a9ba61c6d05b8eac
https://conda.anaconda.org/conda-forge/linux-64/gflags-2.3.1-h54a6638_0.conda#f7026323ac769ef432c747a6c22abd39c583d0d4f6985a7100fb371e2167f214
https://conda.anaconda.org/conda-forge/linux-64/giflib-5.2.2-ha257d8a_1.conda#3611c5d605cd56017704e6c01c7bd849e74a656a546d4c49d655fde49ddfeecc
https://conda.anaconda.org/conda-forge/linux-64/glog-0.7.1-hb7133d2_1.conda#f24feeda3aeec3a2cbb9fe2e0fabc4785372e70b6cc838c96023e08e17f4bfa0
https://conda.anaconda.org/conda-forge/linux-64/gmp-6.3.0-hfd2156b_3.conda#f36c336efc874f346a53a9011f67e997f9faac505562cc18c13b6d399cfe61c7
https://conda.anaconda.org/conda-forge/linux-64/hdf5-2.1.0-nompi_h654f344_110.conda#548411cb10baf1122c46cfef555936c385137d3637b75bd322e7574eda933842
https://conda.anaconda.org/conda-forge/linux-64/icu-78.3-py313h92f78c6_2.conda#bb0b242aeea5061a93635d065f05460e0c3c45f47d0a493355eb9b282c442cde
https://conda.anaconda.org/conda-forge/linux-64/json-c-0.18-h6688a6e_0.conda#09e706cb388d3ea977fabcee8e28384bdaad8ce1fc49340df5f868a2bd95a7da
https://conda.anaconda.org/conda-forge/linux-64/keyutils-1.6.3-h7cc23a3_1.conda#dd053c96dcb0dcfd59422aefea9d2fe937a190167f34fba7893ec1e10a7e8963
https://conda.anaconda.org/conda-forge/linux-64/krb5-1.22.2-hbc21106_2.conda#2a5c38c85e63df84c4e69ee71439841ce570d259ae3060627bb9a49a938d66f4
https://conda.anaconda.org/conda-forge/linux-64/laspy-2.7.0-np2py312hfce7c9f_1.conda#97d60127bfd78c33fcb22f5add81987b27ba10b8e21fa4c42308940b64f523bf
https://conda.anaconda.org/conda-forge/linux-64/lazrs-python-0.8.2-py312h868fb18_0.conda#cd55374f4dffa4cf6ac108fc2a2bdef27fc3f44bcdad8d21dad49c49795225ca
https://conda.anaconda.org/conda-forge/linux-64/ld_impl_linux-64-2.46.1-default_hbd61a6d_102.conda#27d83f1188cd19bcb7754a078b3fa7f4cfb8527f8eb2fde54dd01fc529d1adec
https://conda.anaconda.org/conda-forge/linux-64/lerc-4.2.0-hdb68285_0.conda#bf9fdebf55d8bc99d83531cdffda00703f4dc5f93a1a956768c147362c72feda
https://conda.anaconda.org/conda-forge/linux-64/libabseil-20260526.0-cxx17_h0dc7533_2.conda#7bb3d495411b7059e85225aae500d84e7846a4bb02ebd77e4450200b20c180f0
https://conda.anaconda.org/conda-forge/linux-64/libaec-1.1.5-h088129d_0.conda#822e4ae421a7e9c04e841323526321185f6659222325e1a9aedec811c686e688
https://conda.anaconda.org/conda-forge/linux-64/libamd-3.3.3-h456b2da_7100101.conda#5fc32a5497c9919ffde729a604b0acfa97c403ce5b2b27b28ca261cf0c4643aa
https://conda.anaconda.org/conda-forge/linux-64/libarchive-3.8.9-gpl_h3152399_101.conda#bfae027a67d02325cd6b75edd60beb67cf24483af9df0ae9ef74d4438e41c806
https://conda.anaconda.org/conda-forge/linux-64/libarrow-25.0.0-hcc2f0d9_4_cpu.conda#b3b92d94fa20d1d195de702c4b61cd0c3438d26672cbaf6ebbf021114a840a77
https://conda.anaconda.org/conda-forge/linux-64/libarrow-acero-25.0.0-h635bf11_4_cpu.conda#886631b6e32f62e04cc314462c0fbbf9d461cfb6625d2384ae0f36b5a8a72890
https://conda.anaconda.org/conda-forge/linux-64/libarrow-compute-25.0.0-h53684a4_4_cpu.conda#ad642502977edceeb4ca385e42f085fb4391c409d8d098866bc4a5e3fda7a04a
https://conda.anaconda.org/conda-forge/linux-64/libarrow-dataset-25.0.0-h635bf11_4_cpu.conda#6715d36e6aaf00986876e67e97ae8e9b60afb2a7f52ab79b89543c37cd914e28
https://conda.anaconda.org/conda-forge/linux-64/libblas-3.11.0-9_h4a7cf45_openblas.conda#39c7b3c5427b435c9c059ede9da61d46d42574e5b846ad37fdc3af4a5eab1e48
https://conda.anaconda.org/conda-forge/linux-64/libbrotlicommon-1.2.0-h39a168f_3.conda#e5864f257f839ffc27d681659bac95901f524f602b9121e5dcc5e2df18437f2d
https://conda.anaconda.org/conda-forge/linux-64/libbrotlidec-1.2.0-ha411449_3.conda#dad31b6d104973deb89710929a35651033aad692d4e7793cdb5b786a9bd54678
https://conda.anaconda.org/conda-forge/linux-64/libbrotlienc-1.2.0-h018ffa1_3.conda#d37124d0f51816e7d5e3a94bfc9ed3d6174d077f9b4f832d20c5a08b52bebf1f
https://conda.anaconda.org/conda-forge/linux-64/libbtf-2.3.2-hf02c80a_7100101.conda#fe36f414f48ab87251f02aeef1fcbb6f3929322316842dada0f8142db2710264
https://conda.anaconda.org/conda-forge/linux-64/libcamd-3.3.3-hf02c80a_7100101.conda#16e9ae4e173a8606b0b8be118dbdcf4e03c9dd9777eea6bf9dff4397133d0d06
https://conda.anaconda.org/conda-forge/linux-64/libcap-2.78-h084b8d7_1.conda#8cb25174d6b6fac95d31e86cfe41faffc8ee9dacbf2bfd22e6c23377e8f338c1
https://conda.anaconda.org/conda-forge/linux-64/libcblas-3.11.0-9_h0358290_openblas.conda#4c532a70ea9aeff2fa1aabaa4828ebc00c2ed12b22aa8ba19da5302b882fc82b
https://conda.anaconda.org/conda-forge/linux-64/libccolamd-3.3.4-hf02c80a_7100101.conda#cc90aa5e0ad1f7ae9a29d9a42aacd7f7f02aba0bf5467513bfda7e6b18a4cbc8
https://conda.anaconda.org/conda-forge/linux-64/libcholmod-5.3.1-h9cf07ce_7100101.conda#69540315b4b8de93b383243334151ed19e98968baaa59440ba645a3bff68d765
https://conda.anaconda.org/conda-forge/linux-64/libcolamd-3.3.4-hf02c80a_7100101.conda#00d1b976b914f0c20ae6f81f4e4713fa87717542eba8757b9a3c9e8abcc29858
https://conda.anaconda.org/conda-forge/linux-64/libcrc32c-1.1.2-h9c3ff4c_0.tar.bz2#fd1d153962764433fe6233f34a72cdeed5dcf8a883a85769e8295ce940b5b0c5
https://conda.anaconda.org/conda-forge/linux-64/libcurl-8.21.0-ha042cf0_5.conda#0b6cc13e36cf19ae9b764740112fc591682e189c99353be9f72f3d96ccf29d79
https://conda.anaconda.org/conda-forge/linux-64/libcxsparse-4.4.1-hf02c80a_7100101.conda#ab40fc8a4662f550d053576a56db896247bc81eb291eff3811f24c231829e3dd
https://conda.anaconda.org/conda-forge/linux-64/libdeflate-1.25-hd45a770_1.conda#82e134c8a08b1eed9a2ed8ab578b89aa1730dcde3dea8dd87645ed0637878e54
https://conda.anaconda.org/conda-forge/linux-64/libedit-3.1.20250104-pl5321h373387f_1.conda#6473eb8caf2aae830f37caa93db9b26dddf7ac84b63229e8bf7fc0e5c3ab95b0
https://conda.anaconda.org/conda-forge/linux-64/libev-4.33-h280c20c_3.conda#e4418f68d01a6307c4431b585c71b584f40189877364e542ee87deb777f5e85b
https://conda.anaconda.org/conda-forge/linux-64/libevent-2.1.12-hf998b51_1.conda#2e14399d81fb348e9d231a82ca4d816bf855206923759b69ad006ba482764131
https://conda.anaconda.org/conda-forge/linux-64/libexpat-2.8.1-hecca717_1.conda#16feffd9ddbbe5b718515d38ee376c685ba95491cd901244e24671d20b952a77
https://conda.anaconda.org/conda-forge/linux-64/libfabric-2.6.0-ha770c72_0.conda#45bb0eb92000a3f82555cc948013935aace8a1ea522b79700f58d3906c18e846
https://conda.anaconda.org/conda-forge/linux-64/libfabric1-2.6.0-h6b3ec72_0.conda#ba8de6a838bc0727ef8e5a1409c6735465b7b582627a9b4c2704126e53903f43
https://conda.anaconda.org/conda-forge/linux-64/libffi-3.7.0-h3435931_0.conda#ac38603008bf1e99b8ed379b1a656a67a70e2841f2b6a069c630cdf6316012d2
https://conda.anaconda.org/conda-forge/linux-64/libgcc-16.1.0-ha9f2e26_3.conda#af35751596409fc1a1a81a32b7f1e195bca7f648dfe7c64f8ec4848b3a5003f8
https://conda.anaconda.org/conda-forge/linux-64/libgcc-ng-16.1.0-h69a702a_3.conda#d3368af8b654073a0937fc7d3add75dbd09aae0b6e225596685756885b171309
https://conda.anaconda.org/conda-forge/linux-64/libgdal-arrow-parquet-3.13.1-he677334_8.conda#61265d008d72c60d4f9dd5fb6282a66ae0b1b82c894318de6ce7279c19aed548
https://conda.anaconda.org/conda-forge/linux-64/libgdal-core-3.13.1-hd345f60_8.conda#7b66ac1b6410c7e85adca90f02e6bba9c42a0578bb8e456399b8251e70f525d5
https://conda.anaconda.org/conda-forge/linux-64/libgdal-hdf5-3.13.1-h133e136_8.conda#5442f41436e76b98a552b01e620fe4fdd22a88ab41f43a0260da354a1fb7e22d
https://conda.anaconda.org/conda-forge/linux-64/libgdal-pg-3.13.1-h31f57ed_8.conda#776f7935a305acadb9f9600abe0657141715972a6b0cc844eef874465ab120f5
https://conda.anaconda.org/conda-forge/linux-64/libgdal-tiledb-3.13.1-h55bb2a4_8.conda#9f0a6f1917b8ac99caddf905d60cf7f42d5057fadc940b3417dd577d66e5fcab
https://conda.anaconda.org/conda-forge/linux-64/libgfortran-16.1.0-h69a702a_3.conda#0731a92037731af603b3653a67ffc98e07efc65765ebb603aa2e8fd1250ef21b
https://conda.anaconda.org/conda-forge/linux-64/libgfortran5-16.1.0-h79bb938_3.conda#879e354ea894fe36c18160b000e35316cb3f196ff597f30dca209027ecf0fac2
https://conda.anaconda.org/conda-forge/linux-64/libgomp-16.1.0-he0feb66_3.conda#5998d3e2ef3ffcae6cd794c87f12acdd7220e69f7685a8ccef3cd2c5f6252831
https://conda.anaconda.org/conda-forge/linux-64/libgoogle-cloud-3.8.0-hbc29df5_0.conda#46126b858d173d6808262e39e3a8aa39946d39aebb5ffb720984dc44f74feafe
https://conda.anaconda.org/conda-forge/linux-64/libgoogle-cloud-storage-3.8.0-hdbdcf42_0.conda#03437ce50129f9ca82a0400b7722cd2dd3ee3bfa50dcb557657f55a7de76ab6f
https://conda.anaconda.org/conda-forge/linux-64/libgrpc-1.82.1-h792040b_0.conda#1e657c1b802c111178bc1845fe06488db5f69a85e34e970ce0989810aa562d45
https://conda.anaconda.org/conda-forge/linux-64/libhwloc-2.13.0-default_he001693_1000.conda#5041d295813dfb84652557839825880aae296222ab725972285c5abe3b6e4288
https://conda.anaconda.org/conda-forge/linux-64/libhwy-1.4.0-h57c4cff_1.conda#23c7cf726b883f5e7c1bfa6bf24bceafa8be87245a7690e0b5c974eb320a9e83
https://conda.anaconda.org/conda-forge/linux-64/libiconv-1.18-h0cb94f2_3.conda#f943117edb9cd4d9c61cc972eee5a34291dc55ea7a6e9e38da104995841cbcb6
https://conda.anaconda.org/conda-forge/linux-64/libjpeg-turbo-3.2.0-hb03c661_1.conda#bba8538e6538ed58a8479b332337b96986561f975d06cfa2039a016c2d246ee4
https://conda.anaconda.org/conda-forge/linux-64/libjxl-0.12.0-heb2dce7_2.conda#965e59ea776344e93a416f7e0ba309810470a61c0e0c65f1eb90be0e808d7e9c
https://conda.anaconda.org/conda-forge/linux-64/libklu-2.3.5-h95ff59c_7100101.conda#6b4d462642c240dc3671af74f7705b23f34eea0f71e0d9dbcf14b4ed008311ff
https://conda.anaconda.org/conda-forge/linux-64/libkml-1.3.0-haa4a5bd_1023.conda#f6348ac9cebbc03f765ea6d2da88d57d19531585c8f3a963b98635b208e8bef1
https://conda.anaconda.org/conda-forge/linux-64/liblapack-3.11.0-9_h47877c9_openblas.conda#ea989e2dabd21d296a5a4ec515e695645aefcdf778ffdb5eeea515421d243ab5
https://conda.anaconda.org/conda-forge/linux-64/libldl-3.3.2-hf02c80a_7100101.conda#590232cd302047023ab31b80458833a71b10aeabee7474304dc65db322b5cd70
https://conda.anaconda.org/conda-forge/linux-64/liblzma-5.8.3-hb03c661_1.conda#9787df8c22a59c9a70d3e5a10db9ad663485e75e9ccc3f09bd092cb7b95e0dab
https://conda.anaconda.org/conda-forge/linux-64/libnghttp2-1.68.1-h74cf4be_1.conda#11a2f54a6f391e25738bce0023e6ef499600147bbcf21c1fa69d2e251b03cc6a
https://conda.anaconda.org/conda-forge/linux-64/libnl-3.11.0-hb03c661_1.conda#d0f2fd77aad83641c11bc3686bac677e99869f1d62b99e5064c9d99af8bfde6a
https://conda.anaconda.org/conda-forge/linux-64/libnsl-2.0.1-hb9d3cd8_1.conda#927fe72b054277cde6cb82597d0fcf6baf127dcbce2e0a9d8925a68f1265eef5
https://conda.anaconda.org/conda-forge/linux-64/libntlm-1.8-hb9d3cd8_0.conda#3b3f19ced060013c2dd99d9d46403be6d319d4601814c772a3472fe2955612b0
https://conda.anaconda.org/conda-forge/linux-64/libopenblas-0.3.34-pthreads_h94d23a6_0.conda#23392fc4f4e5ba230fcd1ef825878ba5ca7ee4f6259fac0cbb13299134b7bf7a
https://conda.anaconda.org/conda-forge/linux-64/libopentelemetry-cpp-1.27.0-h3133023_1.conda#8f9281133322e9eb0bd4a5b11330db1c14f3b40c409639dd3805251151ca52e2
https://conda.anaconda.org/conda-forge/linux-64/libopentelemetry-cpp-headers-1.27.0-ha770c72_1.conda#31349543e3c59c64f17e24494939a22b0e1d611bdb19d98d115775dba423cbf7
https://conda.anaconda.org/conda-forge/linux-64/libparquet-25.0.0-h7376487_4_cpu.conda#dba948e05d62de3833caa065c1b7de960f921bb0a8a7687b8593df95d2d925a9
https://conda.anaconda.org/conda-forge/linux-64/libparu-1.0.0-hc6afc67_7100101.conda#50144e87b95d1309d2043aa5bf02035b948b1ae9ec6ec44ee97b7aec1cccd70a
https://conda.anaconda.org/conda-forge/linux-64/libpdal-2.10.2-hfc2019e_4.conda#4af51af4e81eccc457329799f9d32a576a7d973cbadf24a21df646ed138cf818
https://conda.anaconda.org/conda-forge/linux-64/libpdal-arrow-2.10.2-hfdd5c54_3.conda#eae2d0daed0228962753edfbcedae3caff9ecc1a872ff9c37dc712c3ef5d5d9a
https://conda.anaconda.org/conda-forge/linux-64/libpdal-core-2.10.2-h074c466_3.conda#50b272a013c2223a7645d4a9854817b53b54a3969856f60a12ab122e5d40ec98
https://conda.anaconda.org/conda-forge/linux-64/libpdal-cpd-2.10.2-h5703848_3.conda#daf84cc046baed58b6787c507a129312626e4490593048bd2e4ed78a4ce63100
https://conda.anaconda.org/conda-forge/linux-64/libpdal-draco-2.10.2-h5703848_3.conda#be8ef398d6a12201c5fe8048ea02c4069772f9696c12537b644b10f34b48ec9d
https://conda.anaconda.org/conda-forge/linux-64/libpdal-e57-2.10.2-hc7855c4_3.conda#51c6b361d0fcadc2bdf85fb26f2fcc624ce616a8e53ba3238a7d76e281b5e3a2
https://conda.anaconda.org/conda-forge/linux-64/libpdal-hdf-2.10.2-hd745c68_3.conda#0c601e362e72ee249decb894144c5e6102895b47b8de42d76310da8e4e1f22f3
https://conda.anaconda.org/conda-forge/linux-64/libpdal-icebridge-2.10.2-h5703848_3.conda#a279721f064ecbaf97c6ed5a4e38a3f0aeaeff2009423e9bf234ceb788188ab3
https://conda.anaconda.org/conda-forge/linux-64/libpdal-nitf-2.10.2-h2693a0c_3.conda#50909916c06ad12f2180d58d94e23e2d94842efb3728d3fb75f95e89cd3f41ad
https://conda.anaconda.org/conda-forge/linux-64/libpdal-pgpointcloud-2.10.2-h05eda15_3.conda#4c430c08a1336d3715a06a427323d8476ba98b354ea8f01cb1ae034a91576d08
https://conda.anaconda.org/conda-forge/linux-64/libpdal-tiledb-2.10.2-hf3681e6_3.conda#27a8d54f558811c7656a5b98d7cbf9e31a88d2b148ad63bcbd3ef419965d60c2
https://conda.anaconda.org/conda-forge/linux-64/libpdal-trajectory-2.10.2-hfbf61da_3.conda#b68e89adf6a6da1269147b0a7daaf635d4f304f5863508e70ee7fec8dee2834c
https://conda.anaconda.org/conda-forge/linux-64/libpmix-5.0.8-h31fc519_4.conda#2837759fb832ab8587622602531f8e4b5d5e5ec12ea9b3936be06f384b933800
https://conda.anaconda.org/conda-forge/linux-64/libpng-1.6.58-h922cc85_1.conda#c19eefb87d70d9b4b0629fa48414a155a47a1be4f04583ae71ed8c5a9a32fdcb
https://conda.anaconda.org/conda-forge/linux-64/libpq-18.6-h9d76c99_0.conda#b1eb210c180fda9c445b11cba1286ec250ce2c2a85ccb0551a4ed5423df51e68
https://conda.anaconda.org/conda-forge/linux-64/libprotobuf-7.35.1-h2840a7c_2.conda#b5ac3938186516c1091b96414c34f90255da2a3bbd736a0712b22bbf4b5ebf02
https://conda.anaconda.org/conda-forge/linux-64/libpsl-0.23.1-hd9e3e90_1.conda#09e8effdc89bc5d021349318d32b85594f5b8d8e3ab8f90a85b81f8fe695a566
https://conda.anaconda.org/conda-forge/linux-64/librbio-4.3.4-hf02c80a_7100101.conda#c502b4203cc0d38f49005994b5c80c89660bcd40ff170c529cda90827ec6b1f4
https://conda.anaconda.org/conda-forge/linux-64/libre2-11-2025.11.05-h60473fc_2.conda#43132eb45a569b1f63199b0e7d5874d94227e9be950b327a323e7dcc1f8cd58c
https://conda.anaconda.org/conda-forge/linux-64/librttopo-1.1.0-h46dd2a8_20.conda#eb4082a5135102f5ba9c302da13164d4ed1181d5f0db9d49e5e11a815a7b526f
https://conda.anaconda.org/conda-forge/linux-64/libspatialite-5.1.0-gpl_hab3fe16_120.conda#1226948565ea9fa4fbaefc8c5ff6bb4c66e3cb96a9db71d236dcc0be0bc319cb
https://conda.anaconda.org/conda-forge/linux-64/libspex-3.2.3-h9226d62_7100101.conda#24dffff614943c547ba094f8eb03b412a18cc4654663202f1aab9158bfa875ba
https://conda.anaconda.org/conda-forge/linux-64/libspqr-4.3.4-h23b7119_7100101.conda#52851575496122f9088c9f5a4283da7fbb277d9a877b5ce60a939554df542f3c
https://conda.anaconda.org/conda-forge/linux-64/libsqlite-3.53.4-h0737f62_1.conda#35c05bd0adfaf6fcac01fc3a42214e4e2a44e32f7ce2c77ddae419522c3c328d
https://conda.anaconda.org/conda-forge/linux-64/libssh2-1.11.1-h6154650_1.conda#7e463000fa1cba3f3a6597b776f6ab301d425a96e3bc20d0d9d76a3b9f237aa3
https://conda.anaconda.org/conda-forge/linux-64/libstdcxx-16.1.0-h934c35e_3.conda#6e98c0283244b5f8bbc0e86f7cba4d4921136bfbabf8da42b898a7a1f10be949
https://conda.anaconda.org/conda-forge/linux-64/libstdcxx-ng-16.1.0-hdf11a46_3.conda#11df057f95c6d9c52ba16fd291b1608eb3ccf7eedf0c8647a8048c9416449e26
https://conda.anaconda.org/conda-forge/linux-64/libsuitesparseconfig-7.10.1-h901830b_7100101.conda#d8f32a0b0ee17fbace7af4bd34ad554cc855b9c18e0aeccf8395e1478c161f37
https://conda.anaconda.org/conda-forge/linux-64/libsystemd0-261.2-h6f4a2f1_0.conda#35c60a4b9e6475fbe5376557a813ce48af3427d4418c37117cd976d8fb1ab761
https://conda.anaconda.org/conda-forge/linux-64/libthrift-0.22.0-h7d032f7_2.conda#af6025aa4a4fc3f4e71334000d2739d927e2f678607b109ec630cc17d716918a
https://conda.anaconda.org/conda-forge/linux-64/libtiff-4.7.2-h9d88235_0.conda#b31346e1c01ab40a170e91147092ee8fd92b1dee3c66ee47ef025571c879b159
https://conda.anaconda.org/conda-forge/linux-64/libudev1-261.2-h6f4a2f1_0.conda#67ca48ec0dea72e53e1b41269124bf72538e01d64d4801d3ed16788616632c72
https://conda.anaconda.org/conda-forge/linux-64/libumfpack-6.3.5-h873dde6_7100101.conda#9a2c0049210c0223084c29b39404ad6da6538e7a4d1ed74ee8423212998fd686
https://conda.anaconda.org/conda-forge/linux-64/liburing-2.14-hb700be7_0.conda#3d17b7aa90610afc65356e9e6149aeac0b2df19deda73a51f0a09cf04fd89286
https://conda.anaconda.org/conda-forge/linux-64/libutf8proc-2.11.3-hfe17d71_0.conda#ecbf4b7520296ed580498dc66a72508b8a79da5126e1d6dc650a7087171288f9
https://conda.anaconda.org/conda-forge/linux-64/libuuid-2.42.2-h5347b49_0.conda#9b1bdce27a7e31f7d241aeecff67a1f3101d52a2b1e33ccc2cdf2613072bf81f
https://conda.anaconda.org/conda-forge/linux-64/libuv-1.52.1-h280c20c_1.conda#67761d0206f84140047a367eaf9befe03a7e157a29ee25aee0047b40801cc6b6
https://conda.anaconda.org/conda-forge/linux-64/libwebp-base-1.6.0-hd42ef1d_1.conda#8415001414f488c85b72b9d8cc2071dfb3981a47bc3c8eb56ef91a57d12eae7f
https://conda.anaconda.org/conda-forge/linux-64/libxcrypt-4.4.38-h280c20c_0.conda#f7e9292dd219a6435bbb1223da9586c3e70d66d169c5a92f08db3f2127df04e9
https://conda.anaconda.org/conda-forge/linux-64/libxml2-2.15.3-h49c6c72_1.conda#a16a576a5844a3a0e1cdfc5e162b9fe9c64dccf6a93f44c293bb42851aebe2b4
https://conda.anaconda.org/conda-forge/linux-64/libxml2-16-2.15.3-hca6bf5a_1.conda#087d4de023f22d6a28b9e1b818961dd41e9bda6e9793590600ff16ca150bf9cb
https://conda.anaconda.org/conda-forge/linux-64/libxml2-devel-2.15.3-h49c6c72_1.conda#443ff3b29df8eab5b075abed87e4edbf59ca5602f627a79bffe5b0855ea40ce9
https://conda.anaconda.org/conda-forge/linux-64/libxslt-1.1.43-h711ed8c_1.conda#0694760a3e62bdc659d90a14ae9c6e132b525a7900e59785b18a08bb52a5d7e5
https://conda.anaconda.org/conda-forge/linux-64/libzlib-1.3.2-h25fd6f3_3.conda#eb8a0db0aa570124f7d2a93d7c7f596e3390df5e047818d873baad32985fc736
https://conda.anaconda.org/conda-forge/linux-64/lz4-c-1.10.0-hee9eb32_2.conda#b8c0e930183e6b7f83cd35ace102f2b8c2f0faae41dc05255dc72f247dfc556a
https://conda.anaconda.org/conda-forge/linux-64/lzo-2.10-hebe6cf0_1003.conda#a0a1400198e5302d8367f2ed53437ee3cc41dbc463cb481921ce765578780b7a
https://conda.anaconda.org/conda-forge/noarch/m2r2-0.3.4-pyhd8ed1ab_0.conda#a76ab2a184038bff4d9192e3e7dcba9405697846abdc4280fed445d5dcb0ae97
https://conda.anaconda.org/conda-forge/linux-64/metis-5.1.0-hd0bcaf9_1007.conda#e8a00971e6d00bd49f375c5d8d005b37a9abba0b1768533aed0f90a422bf5cc7
https://conda.anaconda.org/conda-forge/linux-64/minizip-4.2.2-hb71707f_0.conda#80398daac34dfe10d88c92ef64f6ff85f52950cab8b2bdfc2d00cc176ed7edff
https://conda.anaconda.org/conda-forge/noarch/mistune-0.8.4-pyh1a96a4e_1006.conda#cc2b11f228c2b0a819a4f2564cc4cd6ab74d85193ec355b3df318d6aee20fa65
https://conda.anaconda.org/conda-forge/linux-64/mpfr-4.2.2-ha2cb11d_1.conda#0be79ef2ee536e0c5d3ddb4a52bbae9f26d08560623299f33db2f4c4a17c525a
https://conda.anaconda.org/conda-forge/noarch/mpi-1.0.1-openmpi.conda#e1698675ec83a2139c0b02165f47eaf0701bcab043443d9008fc0f8867b07798
https://conda.anaconda.org/conda-forge/linux-64/muparser-2.3.5-h5888daf_0.conda#320dfc59a94cb9e3635bda71b9e62278b34aa2fdaea0caa6832ddb9b37e9ccd5
https://conda.anaconda.org/conda-forge/linux-64/ncurses-6.6-hdb14827_1.conda#5d46557214ed184381dafe835b7c94a474a1c3b307a08a250b1ea4779b44ffb3
https://conda.anaconda.org/conda-forge/linux-64/nitro-2.7.dev8-h59595ed_0.conda#80b125f82b1553ed00550a642dcaefb5f046d69f6d1eefa9ee3ac8d5b273e029
https://conda.anaconda.org/conda-forge/linux-64/nlohmann_json-3.12.0-h54a6638_2.conda#8f8b554c74b032b3e63a8828fb0ecc7ae4f5c5a6bd0afcf75423d5ff79290cb0
https://conda.anaconda.org/conda-forge/linux-64/nodejs-22.23.2-h273caaf_0.conda#3bbfd6f93d029df231782f5ddfec59d7d013331d41b66108860affa6d97fb992
https://conda.anaconda.org/conda-forge/linux-64/numpy-2.5.2-py312h33ff503_0.conda#1235aaa0e265d7b0247fe6fb456a55f10f5fddf5349b652727fcdcdff4a26eb4
https://conda.anaconda.org/conda-forge/linux-64/openldap-2.6.13-hbde042b_0.conda#21c4f6c7f41dc9bec2ea2f9c80440d9a4d45a6f2ac13243e658f10dcf1044146
https://conda.anaconda.org/conda-forge/linux-64/openmpi-5.0.10-h67ed482_1.conda#9d13b09c95f5e9429f295dc89a896dae41a4ca4f77118139b1ff02001ae25127
https://conda.anaconda.org/conda-forge/linux-64/openssl-3.6.3-h35e630c_1.conda#012096056b97abf1f68c46b7146bd2cbd68c1be762340b4f5dad4fbbe99177bc
https://conda.anaconda.org/conda-forge/linux-64/orc-2.3.1-h443056b_0.conda#ae96bc0895a2279f2ea296879e0475333e838cc88754b0c1a4903dd92a7e1b21
https://conda.anaconda.org/conda-forge/noarch/packaging-26.3-pyhc364b38_0.conda#c432626b16768b8dab228bfb706f7060c2d462a21c516d240f68f2f902b5a044
https://conda.anaconda.org/conda-forge/linux-64/pcre2-10.47-h8b3dc9c_1.conda#9ebb10a4eb3be51ae67d85c679f5a7a50cb040ed25c783e6331a225ea09991d4
https://conda.anaconda.org/conda-forge/noarch/pdal-2.10.2-hc364b38_0.conda#c3f53157e403c02f1bd2aa9063759404f1192dcb443c2909536b595b4ae2e04d
https://conda.anaconda.org/conda-forge/noarch/pip-26.2.1-pyh8b19718_0.conda#c205bae42eb11b364fe3663a817cbcbc20a8ef544c6b2ff6f391013487117259
https://conda.anaconda.org/conda-forge/linux-64/postgresql-18.6-h85d3e3a_0.conda#264462da396bfff1ea344e48a731eb0abc2e0403633bb325dd1e5d704cf59e13
https://conda.anaconda.org/conda-forge/linux-64/proj-9.8.1-he0df7b0_0.conda#dff6f355025b9a510d9093e29fd970fa1091e758b848c9dec814d96ae63a09ba
https://conda.anaconda.org/conda-forge/linux-64/prometheus-cpp-1.3.0-ha5d0236_0.conda#013669433eb447548f21c3c6b16b2ed64356f726b5f77c1b39d5ba17a8a4b8bc
https://conda.anaconda.org/conda-forge/linux-64/python-3.12.14-h8ab3286_0_cpython.conda#ceb9c724de53ee3560f121dbfcb00fe8acb22c08691158fce7b6c32425855626
https://conda.anaconda.org/conda-forge/noarch/python_abi-3.12-8_cp312.conda#80677180dd3c22deb7426ca89d6203f1c7f1f256f2d5a94dc210f6e758229809
https://conda.anaconda.org/conda-forge/linux-64/python-pdal-3.5.5-np2py312hadcd02a_0.conda#de2ecbf0f7ad9ea03c4565c3e8fd591e90ff9fe9f3014c6f21f7b271e1647fbf
https://conda.anaconda.org/conda-forge/linux-64/rdma-core-63.0-h192683f_1.conda#f0931894c751b22be09d7c976343a2957a14a59cfe0db04d916d1b93bd66ffcf
https://conda.anaconda.org/conda-forge/linux-64/re2-2025.11.05-h94463f1_2.conda#7279908454f0c87b84ebc4aec6924f02f41a105d88420fb35dfaf5ecd976e0f5
https://conda.anaconda.org/conda-forge/linux-64/readline-8.3-hd6e31c0_1.conda#01b3fe073a66e321970d09e04b388708f8cbdca5cdfbfcb7c9eeb470ad10383d
https://conda.anaconda.org/conda-forge/linux-64/s2n-1.7.5-h7e3ee7f_1.conda#7369ac21f3561e2203f5b1600ef0671270057380783ca4b9e15f679ba25db575
https://conda.anaconda.org/conda-forge/noarch/setuptools-84.0.0-pyh332efcf_0.conda#9e200ee5f9ff19a4d94e4b51c4856d53dec849f91032f345cf0c6bc3d51a7183
https://conda.anaconda.org/conda-forge/linux-64/snappy-1.2.2-h03e3b7b_1.conda#48f3f6a76c34b2cfe80de9ce7f2283ecb55d5ed47367ba91e8bb8104e12b8f11
https://conda.anaconda.org/conda-forge/linux-64/spdlog-1.17.0-hb6aa676_2.conda#5fca627690d56c6f87a9dabafceee54cb75d7da392309bb080333948c048365a
https://conda.anaconda.org/conda-forge/linux-64/sqlite-3.53.4-h6e79ffa_1.conda#45babc48aef7a468175a609848d56242e43c043a5c2a4d595c220cfc31488028
https://conda.anaconda.org/conda-forge/linux-64/suitesparse-7.10.1-h5b2951e_7100101.conda#7c1c5bd2ba8385202ac3cb4c9c7f9bb87a2e677e977afd72c910314c014b28be
https://conda.anaconda.org/conda-forge/linux-64/tiledb-2.30.1-h9482e22_21.conda#18d80b7e8052a50d645691420d4cbd2b810807f45cb7e298c7a3ddd829ccd8a9
https://conda.anaconda.org/conda-forge/linux-64/tk-8.6.13-noxft_h1df4ec4_4.conda#a1a241d172c1ccab067ba245206dd048bc3c2d1b84504b53c9468e99adfc16a1
https://conda.anaconda.org/conda-forge/linux-64/tzcode-2026c-h280c20c_0.conda#a188dbadd112a0ad96a506568b6b42c31f016f601bec8868c2fd63254d6db54b
https://conda.anaconda.org/conda-forge/noarch/tzdata-2026c-h151e31d_0.conda#b928c30ddcb0e3f544c6eade8352737e6e610e263276b90232db6a578ef899d8
https://conda.anaconda.org/conda-forge/linux-64/ucc-1.8.0-hcedbda0_0.conda#4b2f9ef4cb98e308d73aee46a2e8a674d7c8d4561a7b4aec55a9badaea6d1081
https://conda.anaconda.org/conda-forge/linux-64/ucx-1.20.1-hf72d326_0.conda#96341dbb30e77b0c89522f850edc42572a0d7937646898bb2d57b93a5c348e0c
https://conda.anaconda.org/conda-forge/linux-64/uriparser-0.9.8-hac33072_0.conda#2aad2aeff7c69a2d7eecd7b662eef756b27d6a6b96f3e2c2a7071340ce14543e
https://conda.anaconda.org/conda-forge/noarch/wheel-0.48.0-pyhd8ed1ab_0.conda#ba64b29b6d418024cb565081a1799262cb2780d2534ff4c14f76aa858c4286cd
https://conda.anaconda.org/conda-forge/noarch/whitebox-2.3.6-pyhd8ed1ab_0.conda#7329d045f1efb72236070c8b23afdc57bc5ef6a4b0961726e094df6d596f228c
https://conda.anaconda.org/conda-forge/linux-64/whitebox_tools-2.4.0-py312h0ccc70a_2.conda#e1fa4bb266d42d4a74ab8e9448f29386b5ae1c621505961b344e6cb42c65aea2
https://conda.anaconda.org/conda-forge/linux-64/xerces-c-3.3.0-hd9031aa_1.conda#605980121ad3ee9393a9b53fb0996929c9732f8fc6b9f796d25244ca6fa23032
https://conda.anaconda.org/conda-forge/linux-64/zlib-1.3.2-h25fd6f3_3.conda#16080a1c7724f7d25727cdc23c7658e0cec2db52448c1dc0c33467ee2c6e1c62
https://conda.anaconda.org/conda-forge/linux-64/zlib-ng-2.3.3-hceb46e0_1.conda#ea4e50c465d70236408cb0bfe0115609fd14db1adcd8bd30d8918e0291f8a75f
https://conda.anaconda.org/conda-forge/linux-64/zstd-1.5.7-hb78ec9c_7.conda#47d682b9f6d6ec9eb1a6e6c3e75ea6273e899e78fb7fc59f81d39745009fbc60
